
Microsoft Visual Studio Solution File, Format Version 12.00
# Visual Studio Version 17
VisualStudioVersion = 17.0.31612.314
MinimumVisualStudioVersion = 10.0.40219.1
Project("{FAE04EC0-301F-11D3-BF4B-00C04F79EFBC}") = "BtcDeneme", "BtcDeneme\BtcDeneme.csproj", "{B18F0066-08EB-4BBB-8897-B257892C9513}"
EndProject
Global
	GlobalSection(SolutionConfigurationPlatforms) = preSolution
		Debug|Any CPU = Debug|Any CPU
		Release|Any CPU = Release|Any CPU
	EndGlobalSection
	GlobalSection(ProjectConfigurationPlatforms) = postSolution
		{B18F0066-08EB-4BBB-8897-B257892C9513}.Debug|Any CPU.ActiveCfg = Debug|Any CPU
		{B18F0066-08EB-4BBB-8897-B257892C9513}.Debug|Any CPU.Build.0 = Debug|Any CPU
		{B18F0066-08EB-4BBB-8897-B257892C9513}.Release|Any CPU.ActiveCfg = Release|Any CPU
		{B18F0066-08EB-4BBB-8897-B257892C9513}.Release|Any CPU.Build.0 = Release|Any CPU
	EndGlobalSection
	GlobalSection(SolutionProperties) = preSolution
		HideSolutionNode = FALSE
	EndGlobalSection
	GlobalSection(ExtensibilityGlobals) = postSolution
		SolutionGuid = {85429D15-8870-4FC6-8B5C-2883564BDDDA}
	EndGlobalSection
EndGlobal
